
Microsoft Visual Studio Solution File, Format Version 12.00
# Visual Studio Version 16
VisualStudioVersion = 16.0.30611.23
MinimumVisualStudioVersion = 10.0.40219.1
Project("{9A19103F-16F7-4668-BE54-9A1E7A4F7556}") = "MyCalculator", "TesteInicial\MyCalculator.csproj", "{04C1C7F6-4949-447A-8845-4110F096D57E}"
EndProject
Global
	GlobalSection(SolutionConfigurationPlatforms) = preSolution
		Debug|Any CPU = Debug|Any CPU
		Release|Any CPU = Release|Any CPU
	EndGlobalSection
	GlobalSection(ProjectConfigurationPlatforms) = postSolution
		{04C1C7F6-4949-447A-8845-4110F096D57E}.Debug|Any CPU.ActiveCfg = Debug|Any CPU
		{04C1C7F6-4949-447A-8845-4110F096D57E}.Debug|Any CPU.Build.0 = Debug|Any CPU
		{04C1C7F6-4949-447A-8845-4110F096D57E}.Release|Any CPU.ActiveCfg = Release|Any CPU
		{04C1C7F6-4949-447A-8845-4110F096D57E}.Release|Any CPU.Build.0 = Release|Any CPU
	EndGlobalSection
	GlobalSection(SolutionProperties) = preSolution
		HideSolutionNode = FALSE
	EndGlobalSection
	GlobalSection(ExtensibilityGlobals) = postSolution
		SolutionGuid = {95A296DD-9DFA-498C-8E4D-EAD10A34C658}
	EndGlobalSection
EndGlobal
